
Microsoft Visual Studio Solution File, Format Version 12.00
# Visual Studio 14
VisualStudioVersion = 14.0.25123.0
MinimumVisualStudioVersion = 10.0.40219.1
Project("{FAE04EC0-301F-11D3-BF4B-00C04F79EFBC}") = "DoinikSokal", "ApplicationFile\DoinikSokal.csproj", "{FDCEC287-1581-45A1-91C2-0B3657248BEF}"
EndProject
Project("{FAE04EC0-301F-11D3-BF4B-00C04F79EFBC}") = "DoinikSokal.Model", "ApplicationFile.Model\DoinikSokal.Model.csproj", "{799A5029-57CC-4722-8F19-A0C293281DCA}"
EndProject
Project("{FAE04EC0-301F-11D3-BF4B-00C04F79EFBC}") = "DoinikSokal.BLL", "ApplicationFile.BLL\DoinikSokal.BLL.csproj", "{737E115F-FD42-4479-96FC-797B2C609F5F}"
EndProject
Project("{FAE04EC0-301F-11D3-BF4B-00C04F79EFBC}") = "DoinikSokal.Repository", "ApplicationFile.Repository\DoinikSokal.Repository.csproj", "{2CFFB967-D1BD-41A1-8F40-E46292FA24DD}"
EndProject
Project("{FAE04EC0-301F-11D3-BF4B-00C04F79EFBC}") = "DoinikSokal.Model.Contracts", "DoinikSokal.Model.Contracts\DoinikSokal.Model.Contracts.csproj", "{9766E456-72C4-44F0-97A8-FE648849DB30}"
EndProject
Project("{FAE04EC0-301F-11D3-BF4B-00C04F79EFBC}") = "DoinikSokal.Repository.Contracts", "DoinikSokal.Repository.Contracts\DoinikSokal.Repository.Contracts.csproj", "{7D387362-16DB-4C41-BD3F-48DC7D24C099}"
EndProject
Project("{FAE04EC0-301F-11D3-BF4B-00C04F79EFBC}") = "DoinikSokal.BLL.Contracts", "DoinikSokal.BLL.Contracts\DoinikSokal.BLL.Contracts.csproj", "{C3319B39-0F62-4FE5-BE4F-973F6B30C8BD}"
EndProject
Global
	GlobalSection(SolutionConfigurationPlatforms) = preSolution
		Debug|Any CPU = Debug|Any CPU
		Release|Any CPU = Release|Any CPU
	EndGlobalSection
	GlobalSection(ProjectConfigurationPlatforms) = postSolution
		{FDCEC287-1581-45A1-91C2-0B3657248BEF}.Debug|Any CPU.ActiveCfg = Debug|Any CPU
		{FDCEC287-1581-45A1-91C2-0B3657248BEF}.Debug|Any CPU.Build.0 = Debug|Any CPU
		{FDCEC287-1581-45A1-91C2-0B3657248BEF}.Release|Any CPU.ActiveCfg = Release|Any CPU
		{FDCEC287-1581-45A1-91C2-0B3657248BEF}.Release|Any CPU.Build.0 = Release|Any CPU
		{799A5029-57CC-4722-8F19-A0C293281DCA}.Debug|Any CPU.ActiveCfg = Debug|Any CPU
		{799A5029-57CC-4722-8F19-A0C293281DCA}.Debug|Any CPU.Build.0 = Debug|Any CPU
		{799A5029-57CC-4722-8F19-A0C293281DCA}.Release|Any CPU.ActiveCfg = Release|Any CPU
		{799A5029-57CC-4722-8F19-A0C293281DCA}.Release|Any CPU.Build.0 = Release|Any CPU
		{737E115F-FD42-4479-96FC-797B2C609F5F}.Debug|Any CPU.ActiveCfg = Debug|Any CPU
		{737E115F-FD42-4479-96FC-797B2C609F5F}.Debug|Any CPU.Build.0 = Debug|Any CPU
		{737E115F-FD42-4479-96FC-797B2C609F5F}.Release|Any CPU.ActiveCfg = Release|Any CPU
		{737E115F-FD42-4479-96FC-797B2C609F5F}.Release|Any CPU.Build.0 = Release|Any CPU
		{2CFFB967-D1BD-41A1-8F40-E46292FA24DD}.Debug|Any CPU.ActiveCfg = Debug|Any CPU
		{2CFFB967-D1BD-41A1-8F40-E46292FA24DD}.Debug|Any CPU.Build.0 = Debug|Any CPU
		{2CFFB967-D1BD-41A1-8F40-E46292FA24DD}.Release|Any CPU.ActiveCfg = Release|Any CPU
		{2CFFB967-D1BD-41A1-8F40-E46292FA24DD}.Release|Any CPU.Build.0 = Release|Any CPU
		{9766E456-72C4-44F0-97A8-FE648849DB30}.Debug|Any CPU.ActiveCfg = Debug|Any CPU
		{9766E456-72C4-44F0-97A8-FE648849DB30}.Debug|Any CPU.Build.0 = Debug|Any CPU
		{9766E456-72C4-44F0-97A8-FE648849DB30}.Release|Any CPU.ActiveCfg = Release|Any CPU
		{9766E456-72C4-44F0-97A8-FE648849DB30}.Release|Any CPU.Build.0 = Release|Any CPU
		{7D387362-16DB-4C41-BD3F-48DC7D24C099}.Debug|Any CPU.ActiveCfg = Debug|Any CPU
		{7D387362-16DB-4C41-BD3F-48DC7D24C099}.Debug|Any CPU.Build.0 = Debug|Any CPU
		{7D387362-16DB-4C41-BD3F-48DC7D24C099}.Release|Any CPU.ActiveCfg = Release|Any CPU
		{7D387362-16DB-4C41-BD3F-48DC7D24C099}.Release|Any CPU.Build.0 = Release|Any CPU
		{C3319B39-0F62-4FE5-BE4F-973F6B30C8BD}.Debug|Any CPU.ActiveCfg = Debug|Any CPU
		{C3319B39-0F62-4FE5-BE4F-973F6B30C8BD}.Debug|Any CPU.Build.0 = Debug|Any CPU
		{C3319B39-0F62-4FE5-BE4F-973F6B30C8BD}.Release|Any CPU.ActiveCfg = Release|Any CPU
		{C3319B39-0F62-4FE5-BE4F-973F6B30C8BD}.Release|Any CPU.Build.0 = Release|Any CPU
	EndGlobalSection
	GlobalSection(SolutionProperties) = preSolution
		HideSolutionNode = FALSE
	EndGlobalSection
EndGlobal
